{
  "version": 4,
  "terraform_version": "1.14.7",
  "serial": 122,
  "lineage": "1ceed719-1b65-a667-236c-ca2433d3343d",
  "outputs": {
    "master_public_ip": {
      "value": "51.120.80.229",
      "type": "string"
    },
    "worker_public_ip": {
      "value": "20.100.183.0",
      "type": "string"
    }
  },
  "resources": [
    {
      "mode": "managed",
      "type": "azurerm_linux_virtual_machine",
      "name": "master",
      "provider": "provider[\"registry.terraform.io/hashicorp/azurerm\"]",
      "instances": [
        {
          "schema_version": 0,
          "attributes": {
            "additional_capabilities": [],
            "admin_password": null,
            "admin_ssh_key": [
              {
                "public_key": "ssh-rsa AAAAB3NzaC1yc2EAAAADAQABAAABAQDDuXCfIWDiBchSUGgsHJpYRdGnhlVyR70oRhMAQ5oTOOJiLyv/bBKmvvMlBsEg/6kUjdxQARPajWkV5+zwxqAyGWt5AVYdXuByl7cvQYFHNLPhhubNF2jbszarwjHRJRnV/pWrrZQ51IFDo5NJuvM9pYCe7Gr5av8AICPJdOIXHWW5SWHP0PFmqq03SITXMljoxf/QgjgvByosoCwsZUzjlBkWnk5aEYYP8bzomkJPkXCe6gWYIiPVk5whHmK0K1m5J0i8Blou1Z5Vz5ZPKztj4k86aN3fF3n00wyKEvbogYTBIqgavv8JyjIuphpcP/x5a4jmwiO81SrlDgJgn2Wv dell@DESKTOP-UM1RPOF\r\n",
                "username": "azureuser"
              }
            ],
            "admin_username": "azureuser",
            "allow_extension_operations": true,
            "availability_set_id": "",
            "boot_diagnostics": [],
            "bypass_platform_safety_checks_on_user_schedule_enabled": false,
            "capacity_reservation_group_id": "",
            "computer_name": "k8s-master",
            "custom_data": null,
            "dedicated_host_group_id": "",
            "dedicated_host_id": "",
            "disable_password_authentication": true,
            "disk_controller_type": "",
            "edge_zone": "",
            "encryption_at_host_enabled": false,
            "eviction_policy": "",
            "extensions_time_budget": "PT1H30M",
            "gallery_application": [],
            "id": "/subscriptions/4658bca8-3b01-459e-a93a-36f25bcc084c/resourceGroups/DevOps-Project-RG/providers/Microsoft.Compute/virtualMachines/k8s-master",
            "identity": [],
            "license_type": "",
            "location": "norwayeast",
            "max_bid_price": -1,
            "name": "k8s-master",
            "network_interface_ids": [
              "/subscriptions/4658bca8-3b01-459e-a93a-36f25bcc084c/resourceGroups/DevOps-Project-RG/providers/Microsoft.Network/networkInterfaces/master-nic"
            ],
            "os_disk": [
              {
                "caching": "ReadWrite",
                "diff_disk_settings": [],
                "disk_encryption_set_id": "",
                "disk_size_gb": 30,
                "name": "k8s-master_disk1_34bd143c6c20496c9cd4d7c4d991fde0",
                "secure_vm_disk_encryption_set_id": "",
                "security_encryption_type": "",
                "storage_account_type": "Standard_LRS",
                "write_accelerator_enabled": false
              }
            ],
            "os_image_notification": [],
            "patch_assessment_mode": "ImageDefault",
            "patch_mode": "ImageDefault",
            "plan": [],
            "platform_fault_domain": -1,
            "priority": "Regular",
            "private_ip_address": "10.0.1.4",
            "private_ip_addresses": [
              "10.0.1.4"
            ],
            "provision_vm_agent": true,
            "proximity_placement_group_id": "",
            "public_ip_address": "51.120.80.229",
            "public_ip_addresses": [
              "51.120.80.229"
            ],
            "reboot_setting": "",
            "resource_group_name": "DevOps-Project-RG",
            "secret": [],
            "secure_boot_enabled": false,
            "size": "Standard_B2ats_v2",
            "source_image_id": "",
            "source_image_reference": [
              {
                "offer": "0001-com-ubuntu-server-jammy",
                "publisher": "Canonical",
                "sku": "22_04-lts",
                "version": "latest"
              }
            ],
            "tags": {},
            "termination_notification": [],
            "timeouts": null,
            "user_data": "",
            "virtual_machine_id": "65279cbf-f6c5-4c9d-ac01-64478839c07d",
            "virtual_machine_scale_set_id": "",
            "vm_agent_platform_updates_enabled": false,
            "vtpm_enabled": false,
            "zone": ""
          },
          "sensitive_attributes": [
            [
              {
                "type": "get_attr",
                "value": "admin_password"
              }
            ],
            [
              {
                "type": "get_attr",
                "value": "custom_data"
              }
            ]
          ],
          "identity_schema_version": 0,
          "private": "eyJlMmJmYjczMC1lY2FhLTExZTYtOGY4OC0zNDM2M2JjN2M0YzAiOnsiY3JlYXRlIjoyNzAwMDAwMDAwMDAwLCJkZWxldGUiOjI3MDAwMDAwMDAwMDAsInJlYWQiOjMwMDAwMDAwMDAwMCwidXBkYXRlIjoyNzAwMDAwMDAwMDAwfX0=",
          "dependencies": [
            "azurerm_network_interface.nic_master",
            "azurerm_public_ip.pip_master",
            "azurerm_resource_group.rg",
            "azurerm_subnet.subnet",
            "azurerm_virtual_network.vnet"
          ]
        }
      ]
    },
    {
      "mode": "managed",
      "type": "azurerm_linux_virtual_machine",
      "name": "worker",
      "provider": "provider[\"registry.terraform.io/hashicorp/azurerm\"]",
      "instances": [
        {
          "schema_version": 0,
          "attributes": {
            "additional_capabilities": [],
            "admin_password": null,
            "admin_ssh_key": [
              {
                "public_key": "ssh-rsa AAAAB3NzaC1yc2EAAAADAQABAAABAQDDuXCfIWDiBchSUGgsHJpYRdGnhlVyR70oRhMAQ5oTOOJiLyv/bBKmvvMlBsEg/6kUjdxQARPajWkV5+zwxqAyGWt5AVYdXuByl7cvQYFHNLPhhubNF2jbszarwjHRJRnV/pWrrZQ51IFDo5NJuvM9pYCe7Gr5av8AICPJdOIXHWW5SWHP0PFmqq03SITXMljoxf/QgjgvByosoCwsZUzjlBkWnk5aEYYP8bzomkJPkXCe6gWYIiPVk5whHmK0K1m5J0i8Blou1Z5Vz5ZPKztj4k86aN3fF3n00wyKEvbogYTBIqgavv8JyjIuphpcP/x5a4jmwiO81SrlDgJgn2Wv dell@DESKTOP-UM1RPOF\r\n",
                "username": "azureuser"
              }
            ],
            "admin_username": "azureuser",
            "allow_extension_operations": true,
            "availability_set_id": "",
            "boot_diagnostics": [],
            "bypass_platform_safety_checks_on_user_schedule_enabled": false,
            "capacity_reservation_group_id": "",
            "computer_name": "k8s-worker",
            "custom_data": null,
            "dedicated_host_group_id": "",
            "dedicated_host_id": "",
            "disable_password_authentication": true,
            "disk_controller_type": "",
            "edge_zone": "",
            "encryption_at_host_enabled": false,
            "eviction_policy": "",
            "extensions_time_budget": "PT1H30M",
            "gallery_application": [],
            "id": "/subscriptions/4658bca8-3b01-459e-a93a-36f25bcc084c/resourceGroups/DevOps-Project-RG/providers/Microsoft.Compute/virtualMachines/k8s-worker",
            "identity": [],
            "license_type": "",
            "location": "norwayeast",
            "max_bid_price": -1,
            "name": "k8s-worker",
            "network_interface_ids": [
              "/subscriptions/4658bca8-3b01-459e-a93a-36f25bcc084c/resourceGroups/DevOps-Project-RG/providers/Microsoft.Network/networkInterfaces/worker-nic"
            ],
            "os_disk": [
              {
                "caching": "ReadWrite",
                "diff_disk_settings": [],
                "disk_encryption_set_id": "",
                "disk_size_gb": 30,
                "name": "k8s-worker_disk1_bb308a5877834835add17a9346c8a4c9",
                "secure_vm_disk_encryption_set_id": "",
                "security_encryption_type": "",
                "storage_account_type": "Standard_LRS",
                "write_accelerator_enabled": false
              }
            ],
            "os_image_notification": [],
            "patch_assessment_mode": "ImageDefault",
            "patch_mode": "ImageDefault",
            "plan": [],
            "platform_fault_domain": -1,
            "priority": "Regular",
            "private_ip_address": "10.0.1.5",
            "private_ip_addresses": [
              "10.0.1.5"
            ],
            "provision_vm_agent": true,
            "proximity_placement_group_id": "",
            "public_ip_address": "20.100.183.0",
            "public_ip_addresses": [
              "20.100.183.0"
            ],
            "reboot_setting": "",
            "resource_group_name": "DevOps-Project-RG",
            "secret": [],
            "secure_boot_enabled": false,
            "size": "Standard_B2ats_v2",
            "source_image_id": "",
            "source_image_reference": [
              {
                "offer": "0001-com-ubuntu-server-jammy",
                "publisher": "Canonical",
                "sku": "22_04-lts",
                "version": "latest"
              }
            ],
            "tags": {},
            "termination_notification": [],
            "timeouts": null,
            "user_data": "",
            "virtual_machine_id": "ea54f882-bf4e-4fb8-a041-b57f4992ac16",
            "virtual_machine_scale_set_id": "",
            "vm_agent_platform_updates_enabled": false,
            "vtpm_enabled": false,
            "zone": ""
          },
          "sensitive_attributes": [
            [
              {
                "type": "get_attr",
                "value": "admin_password"
              }
            ],
            [
              {
                "type": "get_attr",
                "value": "custom_data"
              }
            ]
          ],
          "identity_schema_version": 0,
          "private": "eyJlMmJmYjczMC1lY2FhLTExZTYtOGY4OC0zNDM2M2JjN2M0YzAiOnsiY3JlYXRlIjoyNzAwMDAwMDAwMDAwLCJkZWxldGUiOjI3MDAwMDAwMDAwMDAsInJlYWQiOjMwMDAwMDAwMDAwMCwidXBkYXRlIjoyNzAwMDAwMDAwMDAwfX0=",
          "dependencies": [
            "azurerm_network_interface.nic_worker",
            "azurerm_public_ip.pip_worker",
            "azurerm_resource_group.rg",
            "azurerm_subnet.subnet",
            "azurerm_virtual_network.vnet"
          ]
        }
      ]
    },
    {
      "mode": "managed",
      "type": "azurerm_network_interface",
      "name": "nic_master",
      "provider": "provider[\"registry.terraform.io/hashicorp/azurerm\"]",
      "instances": [
        {
          "schema_version": 0,
          "attributes": {
            "accelerated_networking_enabled": false,
            "applied_dns_servers": [],
            "auxiliary_mode": "",
            "auxiliary_sku": "",
            "dns_servers": [],
            "edge_zone": "",
            "enable_accelerated_networking": false,
            "enable_ip_forwarding": false,
            "id": "/subscriptions/4658bca8-3b01-459e-a93a-36f25bcc084c/resourceGroups/DevOps-Project-RG/providers/Microsoft.Network/networkInterfaces/master-nic",
            "internal_dns_name_label": "",
            "internal_domain_name_suffix": "tvcbaeha5lfurb50bsjoenfnsh.oslx.internal.cloudapp.net",
            "ip_configuration": [
              {
                "gateway_load_balancer_frontend_ip_configuration_id": "",
                "name": "internal",
                "primary": true,
                "private_ip_address": "10.0.1.4",
                "private_ip_address_allocation": "Dynamic",
                "private_ip_address_version": "IPv4",
                "public_ip_address_id": "/subscriptions/4658bca8-3b01-459e-a93a-36f25bcc084c/resourceGroups/DevOps-Project-RG/providers/Microsoft.Network/publicIPAddresses/master-pip",
                "subnet_id": "/subscriptions/4658bca8-3b01-459e-a93a-36f25bcc084c/resourceGroups/DevOps-Project-RG/providers/Microsoft.Network/virtualNetworks/k8s-vnet/subnets/k8s-subnet"
              }
            ],
            "ip_forwarding_enabled": false,
            "location": "norwayeast",
            "mac_address": "7C-ED-8D-25-02-BC",
            "name": "master-nic",
            "private_ip_address": "10.0.1.4",
            "private_ip_addresses": [
              "10.0.1.4"
            ],
            "resource_group_name": "DevOps-Project-RG",
            "tags": {},
            "timeouts": null,
            "virtual_machine_id": "/subscriptions/4658bca8-3b01-459e-a93a-36f25bcc084c/resourceGroups/DevOps-Project-RG/providers/Microsoft.Compute/virtualMachines/k8s-master"
          },
          "sensitive_attributes": [],
          "identity_schema_version": 0,
          "private": "eyJlMmJmYjczMC1lY2FhLTExZTYtOGY4OC0zNDM2M2JjN2M0YzAiOnsiY3JlYXRlIjoxODAwMDAwMDAwMDAwLCJkZWxldGUiOjE4MDAwMDAwMDAwMDAsInJlYWQiOjMwMDAwMDAwMDAwMCwidXBkYXRlIjoxODAwMDAwMDAwMDAwfX0=",
          "dependencies": [
            "azurerm_public_ip.pip_master",
            "azurerm_resource_group.rg",
            "azurerm_subnet.subnet",
            "azurerm_virtual_network.vnet"
          ]
        }
      ]
    },
    {
      "mode": "managed",
      "type": "azurerm_network_interface",
      "name": "nic_worker",
      "provider": "provider[\"registry.terraform.io/hashicorp/azurerm\"]",
      "instances": [
        {
          "schema_version": 0,
          "attributes": {
            "accelerated_networking_enabled": false,
            "applied_dns_servers": [],
            "auxiliary_mode": "",
            "auxiliary_sku": "",
            "dns_servers": [],
            "edge_zone": "",
            "enable_accelerated_networking": false,
            "enable_ip_forwarding": false,
            "id": "/subscriptions/4658bca8-3b01-459e-a93a-36f25bcc084c/resourceGroups/DevOps-Project-RG/providers/Microsoft.Network/networkInterfaces/worker-nic",
            "internal_dns_name_label": "",
            "internal_domain_name_suffix": "tvcbaeha5lfurb50bsjoenfnsh.oslx.internal.cloudapp.net",
            "ip_configuration": [
              {
                "gateway_load_balancer_frontend_ip_configuration_id": "",
                "name": "internal",
                "primary": true,
                "private_ip_address": "10.0.1.5",
                "private_ip_address_allocation": "Dynamic",
                "private_ip_address_version": "IPv4",
                "public_ip_address_id": "/subscriptions/4658bca8-3b01-459e-a93a-36f25bcc084c/resourceGroups/DevOps-Project-RG/providers/Microsoft.Network/publicIPAddresses/worker-pip",
                "subnet_id": "/subscriptions/4658bca8-3b01-459e-a93a-36f25bcc084c/resourceGroups/DevOps-Project-RG/providers/Microsoft.Network/virtualNetworks/k8s-vnet/subnets/k8s-subnet"
              }
            ],
            "ip_forwarding_enabled": false,
            "location": "norwayeast",
            "mac_address": "7C-ED-8D-EF-F3-DC",
            "name": "worker-nic",
            "private_ip_address": "10.0.1.5",
            "private_ip_addresses": [
              "10.0.1.5"
            ],
            "resource_group_name": "DevOps-Project-RG",
            "tags": {},
            "timeouts": null,
            "virtual_machine_id": "/subscriptions/4658bca8-3b01-459e-a93a-36f25bcc084c/resourceGroups/DevOps-Project-RG/providers/Microsoft.Compute/virtualMachines/k8s-worker"
          },
          "sensitive_attributes": [],
          "identity_schema_version": 0,
          "private": "eyJlMmJmYjczMC1lY2FhLTExZTYtOGY4OC0zNDM2M2JjN2M0YzAiOnsiY3JlYXRlIjoxODAwMDAwMDAwMDAwLCJkZWxldGUiOjE4MDAwMDAwMDAwMDAsInJlYWQiOjMwMDAwMDAwMDAwMCwidXBkYXRlIjoxODAwMDAwMDAwMDAwfX0=",
          "dependencies": [
            "azurerm_public_ip.pip_worker",
            "azurerm_resource_group.rg",
            "azurerm_subnet.subnet",
            "azurerm_virtual_network.vnet"
          ]
        }
      ]
    },
    {
      "mode": "managed",
      "type": "azurerm_network_security_group",
      "name": "nsg",
      "provider": "provider[\"registry.terraform.io/hashicorp/azurerm\"]",
      "instances": [
        {
          "schema_version": 0,
          "attributes": {
            "id": "/subscriptions/4658bca8-3b01-459e-a93a-36f25bcc084c/resourceGroups/DevOps-Project-RG/providers/Microsoft.Network/networkSecurityGroups/k8s-nsg",
            "location": "norwayeast",
            "name": "k8s-nsg",
            "resource_group_name": "DevOps-Project-RG",
            "security_rule": [
              {
                "access": "Allow",
                "description": "",
                "destination_address_prefix": "*",
                "destination_address_prefixes": [],
                "destination_application_security_group_ids": [],
                "destination_port_range": "31951",
                "destination_port_ranges": [],
                "direction": "Inbound",
                "name": "Allow-K8s-Service",
                "priority": 1003,
                "protocol": "Tcp",
                "source_address_prefix": "*",
                "source_address_prefixes": [],
                "source_application_security_group_ids": [],
                "source_port_range": "*",
                "source_port_ranges": []
              },
              {
                "access": "Allow",
                "description": null,
                "destination_address_prefix": "*",
                "destination_address_prefixes": [],
                "destination_application_security_group_ids": [],
                "destination_port_range": "22",
                "destination_port_ranges": [],
                "direction": "Inbound",
                "name": "Allow-SSH",
                "priority": 1001,
                "protocol": "Tcp",
                "source_address_prefix": "*",
                "source_address_prefixes": [],
                "source_application_security_group_ids": [],
                "source_port_range": "*",
                "source_port_ranges": []
              },
              {
                "access": "Allow",
                "description": null,
                "destination_address_prefix": "*",
                "destination_address_prefixes": [],
                "destination_application_security_group_ids": [],
                "destination_port_range": "6443",
                "destination_port_ranges": [],
                "direction": "Inbound",
                "name": "Allow-K8s-API",
                "priority": 1002,
                "protocol": "Tcp",
                "source_address_prefix": "*",
                "source_address_prefixes": [],
                "source_application_security_group_ids": [],
                "source_port_range": "*",
                "source_port_ranges": []
              }
            ],
            "tags": {},
            "timeouts": null
          },
          "sensitive_attributes": [],
          "identity_schema_version": 0,
          "private": "eyJlMmJmYjczMC1lY2FhLTExZTYtOGY4OC0zNDM2M2JjN2M0YzAiOnsiY3JlYXRlIjoxODAwMDAwMDAwMDAwLCJkZWxldGUiOjE4MDAwMDAwMDAwMDAsInJlYWQiOjMwMDAwMDAwMDAwMCwidXBkYXRlIjoxODAwMDAwMDAwMDAwfX0=",
          "dependencies": [
            "azurerm_resource_group.rg"
          ]
        }
      ]
    },
    {
      "mode": "managed",
      "type": "azurerm_public_ip",
      "name": "pip_master",
      "provider": "provider[\"registry.terraform.io/hashicorp/azurerm\"]",
      "instances": [
        {
          "schema_version": 0,
          "attributes": {
            "allocation_method": "Static",
            "ddos_protection_mode": "VirtualNetworkInherited",
            "ddos_protection_plan_id": null,
            "domain_name_label": null,
            "edge_zone": "",
            "fqdn": null,
            "id": "/subscriptions/4658bca8-3b01-459e-a93a-36f25bcc084c/resourceGroups/DevOps-Project-RG/providers/Microsoft.Network/publicIPAddresses/master-pip",
            "idle_timeout_in_minutes": 4,
            "ip_address": "51.120.80.229",
            "ip_tags": {},
            "ip_version": "IPv4",
            "location": "norwayeast",
            "name": "master-pip",
            "public_ip_prefix_id": null,
            "resource_group_name": "DevOps-Project-RG",
            "reverse_fqdn": null,
            "sku": "Standard",
            "sku_tier": "Regional",
            "tags": {},
            "timeouts": null,
            "zones": []
          },
          "sensitive_attributes": [],
          "identity_schema_version": 0,
          "private": "eyJlMmJmYjczMC1lY2FhLTExZTYtOGY4OC0zNDM2M2JjN2M0YzAiOnsiY3JlYXRlIjoxODAwMDAwMDAwMDAwLCJkZWxldGUiOjE4MDAwMDAwMDAwMDAsInJlYWQiOjMwMDAwMDAwMDAwMCwidXBkYXRlIjoxODAwMDAwMDAwMDAwfX0=",
          "dependencies": [
            "azurerm_resource_group.rg"
          ]
        }
      ]
    },
    {
      "mode": "managed",
      "type": "azurerm_public_ip",
      "name": "pip_worker",
      "provider": "provider[\"registry.terraform.io/hashicorp/azurerm\"]",
      "instances": [
        {
          "schema_version": 0,
          "attributes": {
            "allocation_method": "Static",
            "ddos_protection_mode": "VirtualNetworkInherited",
            "ddos_protection_plan_id": null,
            "domain_name_label": null,
            "edge_zone": "",
            "fqdn": null,
            "id": "/subscriptions/4658bca8-3b01-459e-a93a-36f25bcc084c/resourceGroups/DevOps-Project-RG/providers/Microsoft.Network/publicIPAddresses/worker-pip",
            "idle_timeout_in_minutes": 4,
            "ip_address": "20.100.183.0",
            "ip_tags": {},
            "ip_version": "IPv4",
            "location": "norwayeast",
            "name": "worker-pip",
            "public_ip_prefix_id": null,
            "resource_group_name": "DevOps-Project-RG",
            "reverse_fqdn": null,
            "sku": "Standard",
            "sku_tier": "Regional",
            "tags": {},
            "timeouts": null,
            "zones": []
          },
          "sensitive_attributes": [],
          "identity_schema_version": 0,
          "private": "eyJlMmJmYjczMC1lY2FhLTExZTYtOGY4OC0zNDM2M2JjN2M0YzAiOnsiY3JlYXRlIjoxODAwMDAwMDAwMDAwLCJkZWxldGUiOjE4MDAwMDAwMDAwMDAsInJlYWQiOjMwMDAwMDAwMDAwMCwidXBkYXRlIjoxODAwMDAwMDAwMDAwfX0=",
          "dependencies": [
            "azurerm_resource_group.rg"
          ]
        }
      ]
    },
    {
      "mode": "managed",
      "type": "azurerm_resource_group",
      "name": "rg",
      "provider": "provider[\"registry.terraform.io/hashicorp/azurerm\"]",
      "instances": [
        {
          "schema_version": 0,
          "attributes": {
            "id": "/subscriptions/4658bca8-3b01-459e-a93a-36f25bcc084c/resourceGroups/DevOps-Project-RG",
            "location": "norwayeast",
            "managed_by": "",
            "name": "DevOps-Project-RG",
            "tags": {},
            "timeouts": null
          },
          "sensitive_attributes": [],
          "identity_schema_version": 0,
          "private": "eyJlMmJmYjczMC1lY2FhLTExZTYtOGY4OC0zNDM2M2JjN2M0YzAiOnsiY3JlYXRlIjo1NDAwMDAwMDAwMDAwLCJkZWxldGUiOjU0MDAwMDAwMDAwMDAsInJlYWQiOjMwMDAwMDAwMDAwMCwidXBkYXRlIjo1NDAwMDAwMDAwMDAwfX0="
        }
      ]
    },
    {
      "mode": "managed",
      "type": "azurerm_subnet",
      "name": "subnet",
      "provider": "provider[\"registry.terraform.io/hashicorp/azurerm\"]",
      "instances": [
        {
          "schema_version": 0,
          "attributes": {
            "address_prefixes": [
              "10.0.1.0/24"
            ],
            "default_outbound_access_enabled": true,
            "delegation": [],
            "enforce_private_link_endpoint_network_policies": false,
            "enforce_private_link_service_network_policies": false,
            "id": "/subscriptions/4658bca8-3b01-459e-a93a-36f25bcc084c/resourceGroups/DevOps-Project-RG/providers/Microsoft.Network/virtualNetworks/k8s-vnet/subnets/k8s-subnet",
            "name": "k8s-subnet",
            "private_endpoint_network_policies": "Enabled",
            "private_endpoint_network_policies_enabled": true,
            "private_link_service_network_policies_enabled": true,
            "resource_group_name": "DevOps-Project-RG",
            "service_endpoint_policy_ids": [],
            "service_endpoints": [],
            "timeouts": null,
            "virtual_network_name": "k8s-vnet"
          },
          "sensitive_attributes": [],
          "identity_schema_version": 0,
          "private": "eyJlMmJmYjczMC1lY2FhLTExZTYtOGY4OC0zNDM2M2JjN2M0YzAiOnsiY3JlYXRlIjoxODAwMDAwMDAwMDAwLCJkZWxldGUiOjE4MDAwMDAwMDAwMDAsInJlYWQiOjMwMDAwMDAwMDAwMCwidXBkYXRlIjoxODAwMDAwMDAwMDAwfX0=",
          "dependencies": [
            "azurerm_resource_group.rg",
            "azurerm_virtual_network.vnet"
          ]
        }
      ]
    },
    {
      "mode": "managed",
      "type": "azurerm_virtual_network",
      "name": "vnet",
      "provider": "provider[\"registry.terraform.io/hashicorp/azurerm\"]",
      "instances": [
        {
          "schema_version": 0,
          "attributes": {
            "address_space": [
              "10.0.0.0/16"
            ],
            "bgp_community": "",
            "ddos_protection_plan": [],
            "dns_servers": [],
            "edge_zone": "",
            "encryption": [],
            "flow_timeout_in_minutes": 0,
            "guid": "1010449d-fae0-48cb-87fa-0c92e234ad97",
            "id": "/subscriptions/4658bca8-3b01-459e-a93a-36f25bcc084c/resourceGroups/DevOps-Project-RG/providers/Microsoft.Network/virtualNetworks/k8s-vnet",
            "location": "norwayeast",
            "name": "k8s-vnet",
            "resource_group_name": "DevOps-Project-RG",
            "subnet": [
              {
                "address_prefix": "10.0.1.0/24",
                "id": "/subscriptions/4658bca8-3b01-459e-a93a-36f25bcc084c/resourceGroups/DevOps-Project-RG/providers/Microsoft.Network/virtualNetworks/k8s-vnet/subnets/k8s-subnet",
                "name": "k8s-subnet",
                "security_group": "/subscriptions/4658bca8-3b01-459e-a93a-36f25bcc084c/resourceGroups/DevOps-Project-RG/providers/Microsoft.Network/networkSecurityGroups/k8s-nsg"
              }
            ],
            "tags": {},
            "timeouts": null
          },
          "sensitive_attributes": [],
          "identity_schema_version": 0,
          "private": "eyJlMmJmYjczMC1lY2FhLTExZTYtOGY4OC0zNDM2M2JjN2M0YzAiOnsiY3JlYXRlIjoxODAwMDAwMDAwMDAwLCJkZWxldGUiOjE4MDAwMDAwMDAwMDAsInJlYWQiOjMwMDAwMDAwMDAwMCwidXBkYXRlIjoxODAwMDAwMDAwMDAwfX0=",
          "dependencies": [
            "azurerm_resource_group.rg"
          ]
        }
      ]
    }
  ],
  "check_results": null
}
